
Microsoft Visual Studio Solution File, Format Version 12.00
# Visual Studio Version 17
VisualStudioVersion = 17.0.31919.166
MinimumVisualStudioVersion = 10.0.40219.1
Project("{FAE04EC0-301F-11D3-BF4B-00C04F79EFBC}") = "AoC1", "AoC1\AoC1.csproj", "{C5ED00BD-6B75-49C4-9A3B-08EE2A9AC18A}"
EndProject
Global
	GlobalSection(SolutionConfigurationPlatforms) = preSolution
		Debug|Any CPU = Debug|Any CPU
		Release|Any CPU = Release|Any CPU
	EndGlobalSection
	GlobalSection(ProjectConfigurationPlatforms) = postSolution
		{C5ED00BD-6B75-49C4-9A3B-08EE2A9AC18A}.Debug|Any CPU.ActiveCfg = Debug|Any CPU
		{C5ED00BD-6B75-49C4-9A3B-08EE2A9AC18A}.Debug|Any CPU.Build.0 = Debug|Any CPU
		{C5ED00BD-6B75-49C4-9A3B-08EE2A9AC18A}.Release|Any CPU.ActiveCfg = Release|Any CPU
		{C5ED00BD-6B75-49C4-9A3B-08EE2A9AC18A}.Release|Any CPU.Build.0 = Release|Any CPU
	EndGlobalSection
	GlobalSection(SolutionProperties) = preSolution
		HideSolutionNode = FALSE
	EndGlobalSection
	GlobalSection(ExtensibilityGlobals) = postSolution
		SolutionGuid = {84AEEB5F-0540-4A72-B544-401380B4B853}
	EndGlobalSection
EndGlobal
